
Microsoft Visual Studio Solution File, Format Version 12.00
# Visual Studio Version 17
VisualStudioVersion = 17.11.35103.136
MinimumVisualStudioVersion = 10.0.40219.1
Project("{FAE04EC0-301F-11D3-BF4B-00C04F79EFBC}") = "BlazorTailwind", "BlazorTailwind\BlazorTailwind\BlazorTailwind.csproj", "{E0680BD0-2AF4-4FC7-A158-5D8AF516315E}"
EndProject
Project("{FAE04EC0-301F-11D3-BF4B-00C04F79EFBC}") = "BlazorTailwind.Client", "BlazorTailwind\BlazorTailwind.Client\BlazorTailwind.Client.csproj", "{F5D57F12-0437-48FC-A74D-7FBF1E489548}"
EndProject
Global
	GlobalSection(SolutionConfigurationPlatforms) = preSolution
		Debug|Any CPU = Debug|Any CPU
		Release|Any CPU = Release|Any CPU
	EndGlobalSection
	GlobalSection(ProjectConfigurationPlatforms) = postSolution
		{E0680BD0-2AF4-4FC7-A158-5D8AF516315E}.Debug|Any CPU.ActiveCfg = Debug|Any CPU
		{E0680BD0-2AF4-4FC7-A158-5D8AF516315E}.Debug|Any CPU.Build.0 = Debug|Any CPU
		{E0680BD0-2AF4-4FC7-A158-5D8AF516315E}.Release|Any CPU.ActiveCfg = Release|Any CPU
		{E0680BD0-2AF4-4FC7-A158-5D8AF516315E}.Release|Any CPU.Build.0 = Release|Any CPU
		{F5D57F12-0437-48FC-A74D-7FBF1E489548}.Debug|Any CPU.ActiveCfg = Debug|Any CPU
		{F5D57F12-0437-48FC-A74D-7FBF1E489548}.Debug|Any CPU.Build.0 = Debug|Any CPU
		{F5D57F12-0437-48FC-A74D-7FBF1E489548}.Release|Any CPU.ActiveCfg = Release|Any CPU
		{F5D57F12-0437-48FC-A74D-7FBF1E489548}.Release|Any CPU.Build.0 = Release|Any CPU
	EndGlobalSection
	GlobalSection(SolutionProperties) = preSolution
		HideSolutionNode = FALSE
	EndGlobalSection
	GlobalSection(ExtensibilityGlobals) = postSolution
		SolutionGuid = {31171B26-EAB8-40D5-A9B9-9ADF45F37D5F}
	EndGlobalSection
EndGlobal
